{
  "version": "5",
  "specifiers": {
    "npm:@supabase/supabase-js@2": "2.105.0"
  },
  "npm": {
    "@supabase/auth-js@2.105.0": {
      "integrity": "sha512-cwNB9M4gClqOVJrlX+p2oPgqgRHiUm6hOQSRjgntplB/9XLP78/6MtvkhWdGeWpkP6npZxiLZ+VwNgeigk1wiw==",
      "dependencies": [
        "tslib"
      ]
    },
    "@supabase/functions-js@2.105.0": {
      "integrity": "sha512-Q58EDZPb/3KM0Ksp4pUYPrShIAjoC12BRMIKlMOxcpVBYMQRZCDqr5ohRp1pKiCCvRbDD/bhiLIutdBmU5Nu6Q==",
      "dependencies": [
        "tslib"
      ]
    },
    "@supabase/phoenix@0.4.1": {
      "integrity": "sha512-hWGJkDAfWUNY8k0C080u3sGNFd2ncl9erhKgP7hnGkgJWEfT5Pd/SXal4QmWXBECVlZrannMAc9sBaaRyWpiUA=="
    },
    "@supabase/postgrest-js@2.105.0": {
      "integrity": "sha512-+M8mHTNEGlWXNvDEU14oL0aGQxAwGra19PO49/Gqco9iHKzgKL2xceE5CiqGOLQ547KMB/1uSFsETIKj8WQYmg==",
      "dependencies": [
        "tslib"
      ]
    },
    "@supabase/realtime-js@2.105.0": {
      "integrity": "sha512-sU3bhcZnIT8rny4ZAR257JMjh6tBZVLvhTfczDXDKHaFZVje9Qaaqbl4O9UuuZmPsGWRfOfI1kUJ15uPeL0KhA==",
      "dependencies": [
        "@supabase/phoenix",
        "@types/ws",
        "tslib",
        "ws"
      ]
    },
    "@supabase/storage-js@2.105.0": {
      "integrity": "sha512-advo1qhRjeNLPYciUMpGeJTVFqaidPJq/6h4FoPF3XSo2SfecBUYQg/axcy26uon7y58QZoJxxguSmRZhuiRQA==",
      "dependencies": [
        "iceberg-js",
        "tslib"
      ]
    },
    "@supabase/supabase-js@2.105.0": {
      "integrity": "sha512-UUmh6KpStf2RdKpRUmzj0cPl6OXlo1hkRTNHdFHozbiJv2MIxR/7eWGKHAO8OgnaZt0gv52k7NL/bZXgPQbw/A==",
      "dependencies": [
        "@supabase/auth-js",
        "@supabase/functions-js",
        "@supabase/postgrest-js",
        "@supabase/realtime-js",
        "@supabase/storage-js"
      ]
    },
    "@types/node@25.6.0": {
      "integrity": "sha512-+qIYRKdNYJwY3vRCZMdJbPLJAtGjQBudzZzdzwQYkEPQd+PJGixUL5QfvCLDaULoLv+RhT3LDkwEfKaAkgSmNQ==",
      "dependencies": [
        "undici-types"
      ]
    },
    "@types/ws@8.18.1": {
      "integrity": "sha512-ThVF6DCVhA8kUGy+aazFQ4kXQ7E1Ty7A3ypFOe0IcJV8O/M511G99AW24irKrW56Wt44yG9+ij8FaqoBGkuBXg==",
      "dependencies": [
        "@types/node"
      ]
    },
    "iceberg-js@0.8.1": {
      "integrity": "sha512-1dhVQZXhcHje7798IVM+xoo/1ZdVfzOMIc8/rgVSijRK38EDqOJoGula9N/8ZI5RD8QTxNQtK/Gozpr+qUqRRA=="
    },
    "tslib@2.8.1": {
      "integrity": "sha512-oJFu94HQb+KVduSUQL7wnpmqnfmLsOA/nAh6b6EH0wCEoK0/mPeXU6c3wKDV83MkOuHPRHtSXKKU99IBazS/2w=="
    },
    "undici-types@7.19.2": {
      "integrity": "sha512-qYVnV5OEm2AW8cJMCpdV20CDyaN3g0AjDlOGf1OW4iaDEx8MwdtChUp4zu4H0VP3nDRF/8RKWH+IPp9uW0YGZg=="
    },
    "ws@8.20.0": {
      "integrity": "sha512-sAt8BhgNbzCtgGbt2OxmpuryO63ZoDk/sqaB/znQm94T4fCEsy/yV+7CdC1kJhOU9lboAEU7R3kquuycDoibVA=="
    }
  },
  "redirects": {
    "https://esm.sh/@supabase/phoenix@^0.4.0?target=denonext": "https://esm.sh/@supabase/phoenix@0.4.0?target=denonext",
    "https://esm.sh/@supabase/supabase-js@2": "https://esm.sh/@supabase/supabase-js@2.101.1",
    "https://esm.sh/iceberg-js@^0.8.1?target=denonext": "https://esm.sh/iceberg-js@0.8.1?target=denonext"
  },
  "remote": {
    "https://esm.sh/@supabase/auth-js@2.101.1/denonext/auth-js.mjs": "7162301a02541f484fb861406488b55840b874898828c2e63825c23a82337829",
    "https://esm.sh/@supabase/functions-js@2.101.1/denonext/functions-js.mjs": "ac1ac4726630634dfa3c6f2b23fd13ab60e354d524447e81f31110611909dd49",
    "https://esm.sh/@supabase/phoenix@0.4.0/denonext/phoenix.mjs": "d9187057b2e3276d1110b9d814f737d4f8eff7f8b2765c4aa6bf7c7c30d070c9",
    "https://esm.sh/@supabase/phoenix@0.4.0?target=denonext": "c1df3cfcdcf13e9cfddf86181efbdd8d4099b9a2682188b74106596277a69d16",
    "https://esm.sh/@supabase/postgrest-js@2.101.1/denonext/postgrest-js.mjs": "13b6b1161878a5e4c00ed733076b9147d25692eeaa897fc95a9a5a62dba5f695",
    "https://esm.sh/@supabase/realtime-js@2.101.1/denonext/realtime-js.mjs": "f2b886aadb983cef7835db8aba0f53346b91d693807a5ac890b38155899b805d",
    "https://esm.sh/@supabase/storage-js@2.101.1/denonext/storage-js.mjs": "d3493bc29c7cfc542573223d6480260b5c4feaa28400e63473477e99442c2289",
    "https://esm.sh/@supabase/supabase-js@2.101.1": "a0b3bce15718ea65beee03d44136fb795fab037a2f7134cc4e0157eee6f8063a",
    "https://esm.sh/@supabase/supabase-js@2.101.1/denonext/supabase-js.mjs": "8d6d7278861982576de3d46daa0bac64b0411898d38ed0ffd8a2e90d069fd79c",
    "https://esm.sh/iceberg-js@0.8.1/denonext/iceberg-js.mjs": "d839d81a2e3966500ca2cdd0c1cb458e9608bacfc91f7bb67a69b2e878dcdb4f",
    "https://esm.sh/iceberg-js@0.8.1?target=denonext": "58c849d7fe2bf4eca4a84eb501e83c161a7d8c34ca1bec15a962b3bec3062633",
    "https://esm.sh/tslib@2.8.1/denonext/tslib.mjs": "c38da5dd6da6281964435002ce204cd586634fe3bdfb24a0ee116f48cf3292e9"
  },
  "workspace": {
    "dependencies": [
      "npm:@supabase/supabase-js@2"
    ]
  }
}
